
Microsoft Visual Studio Solution File, Format Version 12.00
# Visual Studio Version 17
VisualStudioVersion = 17.1.32210.238
MinimumVisualStudioVersion = 10.0.40219.1
Project("{FAE04EC0-301F-11D3-BF4B-00C04F79EFBC}") = "marks", "marks\marks.csproj", "{76ED43EF-9C34-4EF9-A324-0DECE93DB698}"
EndProject
Global
	GlobalSection(SolutionConfigurationPlatforms) = preSolution
		Debug|Any CPU = Debug|Any CPU
		Release|Any CPU = Release|Any CPU
	EndGlobalSection
	GlobalSection(ProjectConfigurationPlatforms) = postSolution
		{76ED43EF-9C34-4EF9-A324-0DECE93DB698}.Debug|Any CPU.ActiveCfg = Debug|Any CPU
		{76ED43EF-9C34-4EF9-A324-0DECE93DB698}.Debug|Any CPU.Build.0 = Debug|Any CPU
		{76ED43EF-9C34-4EF9-A324-0DECE93DB698}.Release|Any CPU.ActiveCfg = Release|Any CPU
		{76ED43EF-9C34-4EF9-A324-0DECE93DB698}.Release|Any CPU.Build.0 = Release|Any CPU
	EndGlobalSection
	GlobalSection(SolutionProperties) = preSolution
		HideSolutionNode = FALSE
	EndGlobalSection
	GlobalSection(ExtensibilityGlobals) = postSolution
		SolutionGuid = {19636594-1068-4754-9781-326C6E80A38D}
	EndGlobalSection
EndGlobal
