
Microsoft Visual Studio Solution File, Format Version 12.00
# Visual Studio Version 17
VisualStudioVersion = 17.1.32210.238
MinimumVisualStudioVersion = 10.0.40219.1
Project("{FAE04EC0-301F-11D3-BF4B-00C04F79EFBC}") = "exam_prep", "exam_prep\exam_prep.csproj", "{8DD7F8EF-7DBE-4550-8C06-2C1B49904DBD}"
EndProject
Global
	GlobalSection(SolutionConfigurationPlatforms) = preSolution
		Debug|Any CPU = Debug|Any CPU
		Release|Any CPU = Release|Any CPU
	EndGlobalSection
	GlobalSection(ProjectConfigurationPlatforms) = postSolution
		{8DD7F8EF-7DBE-4550-8C06-2C1B49904DBD}.Debug|Any CPU.ActiveCfg = Debug|Any CPU
		{8DD7F8EF-7DBE-4550-8C06-2C1B49904DBD}.Debug|Any CPU.Build.0 = Debug|Any CPU
		{8DD7F8EF-7DBE-4550-8C06-2C1B49904DBD}.Release|Any CPU.ActiveCfg = Release|Any CPU
		{8DD7F8EF-7DBE-4550-8C06-2C1B49904DBD}.Release|Any CPU.Build.0 = Release|Any CPU
	EndGlobalSection
	GlobalSection(SolutionProperties) = preSolution
		HideSolutionNode = FALSE
	EndGlobalSection
	GlobalSection(ExtensibilityGlobals) = postSolution
		SolutionGuid = {F347E902-9CD9-4742-88D4-49AEE50816E6}
	EndGlobalSection
EndGlobal
