
Microsoft Visual Studio Solution File, Format Version 12.00
# Visual Studio Version 17
VisualStudioVersion = 17.1.32210.238
MinimumVisualStudioVersion = 10.0.40219.1
Project("{FAE04EC0-301F-11D3-BF4B-00C04F79EFBC}") = "cosine", "cosine\cosine.csproj", "{96AD54E2-02AA-4B3C-A37E-1F7D842A4B56}"
EndProject
Global
	GlobalSection(SolutionConfigurationPlatforms) = preSolution
		Debug|Any CPU = Debug|Any CPU
		Release|Any CPU = Release|Any CPU
	EndGlobalSection
	GlobalSection(ProjectConfigurationPlatforms) = postSolution
		{96AD54E2-02AA-4B3C-A37E-1F7D842A4B56}.Debug|Any CPU.ActiveCfg = Debug|Any CPU
		{96AD54E2-02AA-4B3C-A37E-1F7D842A4B56}.Debug|Any CPU.Build.0 = Debug|Any CPU
		{96AD54E2-02AA-4B3C-A37E-1F7D842A4B56}.Release|Any CPU.ActiveCfg = Release|Any CPU
		{96AD54E2-02AA-4B3C-A37E-1F7D842A4B56}.Release|Any CPU.Build.0 = Release|Any CPU
	EndGlobalSection
	GlobalSection(SolutionProperties) = preSolution
		HideSolutionNode = FALSE
	EndGlobalSection
	GlobalSection(ExtensibilityGlobals) = postSolution
		SolutionGuid = {FF093739-CB7E-4F98-A544-EF1CAE1E69A4}
	EndGlobalSection
EndGlobal
